<Solution>
  <Project Path="ProjectService.API/ProjectService.API.csproj" />
  <Project Path="ProjectService.Application/ProjectService.Application.csproj" />
  <Project Path="ProjectService.Domain/ProjectService.Domain.csproj" />
  <Project Path="ProjectService.Infrastructure/ProjectService.Infrastructure.csproj" />
</Solution>
